
Microsoft Visual Studio Solution File, Format Version 12.00
# Visual Studio Version 17
VisualStudioVersion = 17.4.33110.190
MinimumVisualStudioVersion = 10.0.40219.1
Project("{FAE04EC0-301F-11D3-BF4B-00C04F79EFBC}") = "RegexNew123", "RegexNew123\RegexNew123.csproj", "{A030EAC6-0E5A-4678-B1A1-D2430F93260E}"
EndProject
Global
	GlobalSection(SolutionConfigurationPlatforms) = preSolution
		Debug|Any CPU = Debug|Any CPU
		Release|Any CPU = Release|Any CPU
	EndGlobalSection
	GlobalSection(ProjectConfigurationPlatforms) = postSolution
		{A030EAC6-0E5A-4678-B1A1-D2430F93260E}.Debug|Any CPU.ActiveCfg = Debug|Any CPU
		{A030EAC6-0E5A-4678-B1A1-D2430F93260E}.Debug|Any CPU.Build.0 = Debug|Any CPU
		{A030EAC6-0E5A-4678-B1A1-D2430F93260E}.Release|Any CPU.ActiveCfg = Release|Any CPU
		{A030EAC6-0E5A-4678-B1A1-D2430F93260E}.Release|Any CPU.Build.0 = Release|Any CPU
	EndGlobalSection
	GlobalSection(SolutionProperties) = preSolution
		HideSolutionNode = FALSE
	EndGlobalSection
	GlobalSection(ExtensibilityGlobals) = postSolution
		SolutionGuid = {7E307F41-3DAE-4BF0-B8B7-CAFCB1B3222C}
	EndGlobalSection
EndGlobal
